
Microsoft Visual Studio Solution File, Format Version 12.00
# Visual Studio 15
VisualStudioVersion = 15.0.27428.2005
MinimumVisualStudioVersion = 10.0.40219.1
Project("{FAE04EC0-301F-11D3-BF4B-00C04F79EFBC}") = "CountDaysFromTheBeginning", "CountDaysFromTheBeginning\CountDaysFromTheBeginning.csproj", "{D8C3EF0A-3DC2-47C0-941B-7880BF8B6FD5}"
EndProject
Project("{FAE04EC0-301F-11D3-BF4B-00C04F79EFBC}") = "CountDaysFromTheBeginning.Tests", "CountDaysFromTheBeginning.Tests\CountDaysFromTheBeginning.Tests.csproj", "{B0CB75AF-5F42-4CAF-8D7B-01A9881BE190}"
EndProject
Project("{FAE04EC0-301F-11D3-BF4B-00C04F79EFBC}") = "ServiceConsoleClient", "ServiceConsoleClient\ServiceConsoleClient.csproj", "{B8070CC6-C3B3-4FF6-A6F4-E584ED1B3F6D}"
EndProject
Global
	GlobalSection(SolutionConfigurationPlatforms) = preSolution
		Debug|Any CPU = Debug|Any CPU
		Release|Any CPU = Release|Any CPU
	EndGlobalSection
	GlobalSection(ProjectConfigurationPlatforms) = postSolution
		{D8C3EF0A-3DC2-47C0-941B-7880BF8B6FD5}.Debug|Any CPU.ActiveCfg = Debug|Any CPU
		{D8C3EF0A-3DC2-47C0-941B-7880BF8B6FD5}.Debug|Any CPU.Build.0 = Debug|Any CPU
		{D8C3EF0A-3DC2-47C0-941B-7880BF8B6FD5}.Release|Any CPU.ActiveCfg = Release|Any CPU
		{D8C3EF0A-3DC2-47C0-941B-7880BF8B6FD5}.Release|Any CPU.Build.0 = Release|Any CPU
		{B0CB75AF-5F42-4CAF-8D7B-01A9881BE190}.Debug|Any CPU.ActiveCfg = Debug|Any CPU
		{B0CB75AF-5F42-4CAF-8D7B-01A9881BE190}.Debug|Any CPU.Build.0 = Debug|Any CPU
		{B0CB75AF-5F42-4CAF-8D7B-01A9881BE190}.Release|Any CPU.ActiveCfg = Release|Any CPU
		{B0CB75AF-5F42-4CAF-8D7B-01A9881BE190}.Release|Any CPU.Build.0 = Release|Any CPU
		{B8070CC6-C3B3-4FF6-A6F4-E584ED1B3F6D}.Debug|Any CPU.ActiveCfg = Debug|Any CPU
		{B8070CC6-C3B3-4FF6-A6F4-E584ED1B3F6D}.Debug|Any CPU.Build.0 = Debug|Any CPU
		{B8070CC6-C3B3-4FF6-A6F4-E584ED1B3F6D}.Release|Any CPU.ActiveCfg = Release|Any CPU
		{B8070CC6-C3B3-4FF6-A6F4-E584ED1B3F6D}.Release|Any CPU.Build.0 = Release|Any CPU
	EndGlobalSection
	GlobalSection(SolutionProperties) = preSolution
		HideSolutionNode = FALSE
	EndGlobalSection
	GlobalSection(ExtensibilityGlobals) = postSolution
		SolutionGuid = {3E4586B3-FB70-4EBA-9D66-B76266C08751}
	EndGlobalSection
EndGlobal
